// !$*UTF8*$!
{
	archiveVersion = 1;
	classes = {
	};
	objectVersion = 50;
	objects = {

/* Begin PBXBuildFile section */
		FF3880CA243DC295004DF507 /* ActivitiesViewController.swift in Sources */ = {isa = PBXBuildFile; fileRef = FF3880C9243DC295004DF507 /* ActivitiesViewController.swift */; };
		FFD052D5243C7BCA001D12F3 /* DBConstants.swift in Sources */ = {isa = PBXBuildFile; fileRef = FFD052D4243C7BCA001D12F3 /* DBConstants.swift */; };
		FFD052DB243C99A8001D12F3 /* ColorCollectionCell.swift in Sources */ = {isa = PBXBuildFile; fileRef = FFD052DA243C99A8001D12F3 /* ColorCollectionCell.swift */; };
		FFD052DE243CD0D5001D12F3 /* CustomTableViewCell.swift in Sources */ = {isa = PBXBuildFile; fileRef = FFD052DD243CD0D5001D12F3 /* CustomTableViewCell.swift */; };
		FFF9CBF2243C67E40041726E /* AppDelegate.swift in Sources */ = {isa = PBXBuildFile; fileRef = FFF9CBF1243C67E40041726E /* AppDelegate.swift */; };
		FFF9CBF4243C67E40041726E /* SceneDelegate.swift in Sources */ = {isa = PBXBuildFile; fileRef = FFF9CBF3243C67E40041726E /* SceneDelegate.swift */; };
		FFF9CBF9243C67E40041726E /* Main.storyboard in Resources */ = {isa = PBXBuildFile; fileRef = FFF9CBF7243C67E40041726E /* Main.storyboard */; };
		FFF9CBFC243C67E40041726E /* Deadliner.xcdatamodeld in Sources */ = {isa = PBXBuildFile; fileRef = FFF9CBFA243C67E40041726E /* Deadliner.xcdatamodeld */; };
		FFF9CBFE243C67E50041726E /* Assets.xcassets in Resources */ = {isa = PBXBuildFile; fileRef = FFF9CBFD243C67E50041726E /* Assets.xcassets */; };
		FFF9CC01243C67E50041726E /* LaunchScreen.storyboard in Resources */ = {isa = PBXBuildFile; fileRef = FFF9CBFF243C67E50041726E /* LaunchScreen.storyboard */; };
		FFF9CC0C243C67E50041726E /* DeadlinerTests.swift in Sources */ = {isa = PBXBuildFile; fileRef = FFF9CC0B243C67E50041726E /* DeadlinerTests.swift */; };
		FFF9CC17243C67E50041726E /* DeadlinerUITests.swift in Sources */ = {isa = PBXBuildFile; fileRef = FFF9CC16243C67E50041726E /* DeadlinerUITests.swift */; };
		FFF9CC28243C68220041726E /* HomeViewController.swift in Sources */ = {isa = PBXBuildFile; fileRef = FFF9CC27243C68220041726E /* HomeViewController.swift */; };
		FFF9CC2B243C6B890041726E /* DBManager.swift in Sources */ = {isa = PBXBuildFile; fileRef = FFF9CC2A243C6B890041726E /* DBManager.swift */; };
/* End PBXBuildFile section */

/* Begin PBXContainerItemProxy section */
		FFF9CC08243C67E50041726E /* PBXContainerItemProxy */ = {
			isa = PBXContainerItemProxy;
			containerPortal = FFF9CBE6243C67E40041726E /* Project object */;
			proxyType = 1;
			remoteGlobalIDString = FFF9CBED243C67E40041726E;
			remoteInfo = Deadliner;
		};
		FFF9CC13243C67E50041726E /* PBXContainerItemProxy */ = {
			isa = PBXContainerItemProxy;
			containerPortal = FFF9CBE6243C67E40041726E /* Project object */;
			proxyType = 1;
			remoteGlobalIDString = FFF9CBED243C67E40041726E;
			remoteInfo = Deadliner;
		};
/* End PBXContainerItemProxy section */

/* Begin PBXFileReference section */
		FF3880C9243DC295004DF507 /* ActivitiesViewController.swift */ = {isa = PBXFileReference; lastKnownFileType = sourcecode.swift; path = ActivitiesViewController.swift; sourceTree = "<group>"; };
		FFD052D4243C7BCA001D12F3 /* DBConstants.swift */ = {isa = PBXFileReference; lastKnownFileType = sourcecode.swift; path = DBConstants.swift; sourceTree = "<group>"; };
		FFD052DA243C99A8001D12F3 /* ColorCollectionCell.swift */ = {isa = PBXFileReference; lastKnownFileType = sourcecode.swift; path = ColorCollectionCell.swift; sourceTree = "<group>"; };
		FFD052DD243CD0D5001D12F3 /* CustomTableViewCell.swift */ = {isa = PBXFileReference; lastKnownFileType = sourcecode.swift; path = CustomTableViewCell.swift; sourceTree = "<group>"; };
		FFF9CBEE243C67E40041726E /* Deadliner.app */ = {isa = PBXFileReference; explicitFileType = wrapper.application; includeInIndex = 0; path = Deadliner.app; sourceTree = BUILT_PRODUCTS_DIR; };
		FFF9CBF1243C67E40041726E /* AppDelegate.swift */ = {isa = PBXFileReference; lastKnownFileType = sourcecode.swift; path = AppDelegate.swift; sourceTree = "<group>"; };
		FFF9CBF3243C67E40041726E /* SceneDelegate.swift */ = {isa = PBXFileReference; lastKnownFileType = sourcecode.swift; path = SceneDelegate.swift; sourceTree = "<group>"; };
		FFF9CBF8243C67E40041726E /* Base */ = {isa = PBXFileReference; lastKnownFileType = file.storyboard; name = Base; path = Base.lproj/Main.storyboard; sourceTree = "<group>"; };
		FFF9CBFB243C67E40041726E /* Deadliner.xcdatamodel */ = {isa = PBXFileReference; lastKnownFileType = wrapper.xcdatamodel; path = Deadliner.xcdatamodel; sourceTree = "<group>"; };
		FFF9CBFD243C67E50041726E /* Assets.xcassets */ = {isa = PBXFileReference; lastKnownFileType = folder.assetcatalog; path = Assets.xcassets; sourceTree = "<group>"; };
		FFF9CC00243C67E50041726E /* Base */ = {isa = PBXFileReference; lastKnownFileType = file.storyboard; name = Base; path = Base.lproj/LaunchScreen.storyboard; sourceTree = "<group>"; };
		FFF9CC02243C67E50041726E /* Info.plist */ = {isa = PBXFileReference; lastKnownFileType = text.plist.xml; path = Info.plist; sourceTree = "<group>"; };
		FFF9CC07243C67E50041726E /* DeadlinerTests.xctest */ = {isa = PBXFileReference; explicitFileType = wrapper.cfbundle; includeInIndex = 0; path = DeadlinerTests.xctest; sourceTree = BUILT_PRODUCTS_DIR; };
		FFF9CC0B243C67E50041726E /* DeadlinerTests.swift */ = {isa = PBXFileReference; lastKnownFileType = sourcecode.swift; path = DeadlinerTests.swift; sourceTree = "<group>"; };
		FFF9CC0D243C67E50041726E /* Info.plist */ = {isa = PBXFileReference; lastKnownFileType = text.plist.xml; path = Info.plist; sourceTree = "<group>"; };
		FFF9CC12243C67E50041726E /* DeadlinerUITests.xctest */ = {isa = PBXFileReference; explicitFileType = wrapper.cfbundle; includeInIndex = 0; path = DeadlinerUITests.xctest; sourceTree = BUILT_PRODUCTS_DIR; };
		FFF9CC16243C67E50041726E /* DeadlinerUITests.swift */ = {isa = PBXFileReference; lastKnownFileType = sourcecode.swift; path = DeadlinerUITests.swift; sourceTree = "<group>"; };
		FFF9CC18243C67E50041726E /* Info.plist */ = {isa = PBXFileReference; lastKnownFileType = text.plist.xml; path = Info.plist; sourceTree = "<group>"; };
		FFF9CC27243C68220041726E /* HomeViewController.swift */ = {isa = PBXFileReference; lastKnownFileType = sourcecode.swift; path = HomeViewController.swift; sourceTree = "<group>"; };
		FFF9CC2A243C6B890041726E /* DBManager.swift */ = {isa = PBXFileReference; lastKnownFileType = sourcecode.swift; path = DBManager.swift; sourceTree = "<group>"; };
/* End PBXFileReference section */

/* Begin PBXFrameworksBuildPhase section */
		FFF9CBEB243C67E40041726E /* Frameworks */ = {
			isa = PBXFrameworksBuildPhase;
			buildActionMask = 2147483647;
			files = (
			);
			runOnlyForDeploymentPostprocessing = 0;
		};
		FFF9CC04243C67E50041726E /* Frameworks */ = {
			isa = PBXFrameworksBuildPhase;
			buildActionMask = 2147483647;
			files = (
			);
			runOnlyForDeploymentPostprocessing = 0;
		};
		FFF9CC0F243C67E50041726E /* Frameworks */ = {
			isa = PBXFrameworksBuildPhase;
			buildActionMask = 2147483647;
			files = (
			);
			runOnlyForDeploymentPostprocessing = 0;
		};
/* End PBXFrameworksBuildPhase section */

/* Begin PBXGroup section */
		FFD052D9243C9985001D12F3 /* Collection View */ = {
			isa = PBXGroup;
			children = (
				FFD052DA243C99A8001D12F3 /* ColorCollectionCell.swift */,
			);
			path = "Collection View";
			sourceTree = "<group>";
		};
		FFD052DC243CD0B2001D12F3 /* Table View */ = {
			isa = PBXGroup;
			children = (
				FFD052DD243CD0D5001D12F3 /* CustomTableViewCell.swift */,
			);
			path = "Table View";
			sourceTree = "<group>";
		};
		FFF9CBE5243C67E40041726E = {
			isa = PBXGroup;
			children = (
				FFF9CBF0243C67E40041726E /* Deadliner */,
				FFF9CC0A243C67E50041726E /* DeadlinerTests */,
				FFF9CC15243C67E50041726E /* DeadlinerUITests */,
				FFF9CBEF243C67E40041726E /* Products */,
			);
			sourceTree = "<group>";
		};
		FFF9CBEF243C67E40041726E /* Products */ = {
			isa = PBXGroup;
			children = (
				FFF9CBEE243C67E40041726E /* Deadliner.app */,
				FFF9CC07243C67E50041726E /* DeadlinerTests.xctest */,
				FFF9CC12243C67E50041726E /* DeadlinerUITests.xctest */,
			);
			name = Products;
			sourceTree = "<group>";
		};
		FFF9CBF0243C67E40041726E /* Deadliner */ = {
			isa = PBXGroup;
			children = (
				FFF9CC29243C683A0041726E /* Models */,
				FFF9CC26243C67FD0041726E /* Views */,
				FFF9CC25243C67F60041726E /* Controllers */,
				FFF9CBF1243C67E40041726E /* AppDelegate.swift */,
				FFF9CBF3243C67E40041726E /* SceneDelegate.swift */,
				FFF9CBFD243C67E50041726E /* Assets.xcassets */,
				FFF9CBFF243C67E50041726E /* LaunchScreen.storyboard */,
				FFF9CC02243C67E50041726E /* Info.plist */,
			);
			path = Deadliner;
			sourceTree = "<group>";
		};
		FFF9CC0A243C67E50041726E /* DeadlinerTests */ = {
			isa = PBXGroup;
			children = (
				FFF9CC0B243C67E50041726E /* DeadlinerTests.swift */,
				FFF9CC0D243C67E50041726E /* Info.plist */,
			);
			path = DeadlinerTests;
			sourceTree = "<group>";
		};
		FFF9CC15243C67E50041726E /* DeadlinerUITests */ = {
			isa = PBXGroup;
			children = (
				FFF9CC16243C67E50041726E /* DeadlinerUITests.swift */,
				FFF9CC18243C67E50041726E /* Info.plist */,
			);
			path = DeadlinerUITests;
			sourceTree = "<group>";
		};
		FFF9CC25243C67F60041726E /* Controllers */ = {
			isa = PBXGroup;
			children = (
				FFF9CC27243C68220041726E /* HomeViewController.swift */,
				FF3880C9243DC295004DF507 /* ActivitiesViewController.swift */,
			);
			path = Controllers;
			sourceTree = "<group>";
		};
		FFF9CC26243C67FD0041726E /* Views */ = {
			isa = PBXGroup;
			children = (
				FFD052DC243CD0B2001D12F3 /* Table View */,
				FFD052D9243C9985001D12F3 /* Collection View */,
				FFF9CBF7243C67E40041726E /* Main.storyboard */,
			);
			path = Views;
			sourceTree = "<group>";
		};
		FFF9CC29243C683A0041726E /* Models */ = {
			isa = PBXGroup;
			children = (
				FFF9CBFA243C67E40041726E /* Deadliner.xcdatamodeld */,
				FFF9CC2A243C6B890041726E /* DBManager.swift */,
				FFD052D4243C7BCA001D12F3 /* DBConstants.swift */,
			);
			path = Models;
			sourceTree = "<group>";
		};
/* End PBXGroup section */

/* Begin PBXNativeTarget section */
		FFF9CBED243C67E40041726E /* Deadliner */ = {
			isa = PBXNativeTarget;
			buildConfigurationList = FFF9CC1B243C67E50041726E /* Build configuration list for PBXNativeTarget "Deadliner" */;
			buildPhases = (
				FFF9CBEA243C67E40041726E /* Sources */,
				FFF9CBEB243C67E40041726E /* Frameworks */,
				FFF9CBEC243C67E40041726E /* Resources */,
			);
			buildRules = (
			);
			dependencies = (
			);
			name = Deadliner;
			productName = Deadliner;
			productReference = FFF9CBEE243C67E40041726E /* Deadliner.app */;
			productType = "com.apple.product-type.application";
		};
		FFF9CC06243C67E50041726E /* DeadlinerTests */ = {
			isa = PBXNativeTarget;
			buildConfigurationList = FFF9CC1E243C67E50041726E /* Build configuration list for PBXNativeTarget "DeadlinerTests" */;
			buildPhases = (
				FFF9CC03243C67E50041726E /* Sources */,
				FFF9CC04243C67E50041726E /* Frameworks */,
				FFF9CC05243C67E50041726E /* Resources */,
			);
			buildRules = (
			);
			dependencies = (
				FFF9CC09243C67E50041726E /* PBXTargetDependency */,
			);
			name = DeadlinerTests;
			productName = DeadlinerTests;
			productReference = FFF9CC07243C67E50041726E /* DeadlinerTests.xctest */;
			productType = "com.apple.product-type.bundle.unit-test";
		};
		FFF9CC11243C67E50041726E /* DeadlinerUITests */ = {
			isa = PBXNativeTarget;
			buildConfigurationList = FFF9CC21243C67E50041726E /* Build configuration list for PBXNativeTarget "DeadlinerUITests" */;
			buildPhases = (
				FFF9CC0E243C67E50041726E /* Sources */,
				FFF9CC0F243C67E50041726E /* Frameworks */,
				FFF9CC10243C67E50041726E /* Resources */,
			);
			buildRules = (
			);
			dependencies = (
				FFF9CC14243C67E50041726E /* PBXTargetDependency */,
			);
			name = DeadlinerUITests;
			productName = DeadlinerUITests;
			productReference = FFF9CC12243C67E50041726E /* DeadlinerUITests.xctest */;
			productType = "com.apple.product-type.bundle.ui-testing";
		};
/* End PBXNativeTarget section */

/* Begin PBXProject section */
		FFF9CBE6243C67E40041726E /* Project object */ = {
			isa = PBXProject;
			attributes = {
				LastSwiftUpdateCheck = 1140;
				LastUpgradeCheck = 1140;
				ORGANIZATIONNAME = "Muhammad Nobel Shidqi";
				TargetAttributes = {
					FFF9CBED243C67E40041726E = {
						CreatedOnToolsVersion = 11.4;
					};
					FFF9CC06243C67E50041726E = {
						CreatedOnToolsVersion = 11.4;
						TestTargetID = FFF9CBED243C67E40041726E;
					};
					FFF9CC11243C67E50041726E = {
						CreatedOnToolsVersion = 11.4;
						TestTargetID = FFF9CBED243C67E40041726E;
					};
				};
			};
			buildConfigurationList = FFF9CBE9243C67E40041726E /* Build configuration list for PBXProject "Deadliner" */;
			compatibilityVersion = "Xcode 9.3";
			developmentRegion = en;
			hasScannedForEncodings = 0;
			knownRegions = (
				en,
				Base,
			);
			mainGroup = FFF9CBE5243C67E40041726E;
			productRefGroup = FFF9CBEF243C67E40041726E /* Products */;
			projectDirPath = "";
			projectRoot = "";
			targets = (
				FFF9CBED243C67E40041726E /* Deadliner */,
				FFF9CC06243C67E50041726E /* DeadlinerTests */,
				FFF9CC11243C67E50041726E /* DeadlinerUITests */,
			);
		};
/* End PBXProject section */

/* Begin PBXResourcesBuildPhase section */
		FFF9CBEC243C67E40041726E /* Resources */ = {
			isa = PBXResourcesBuildPhase;
			buildActionMask = 2147483647;
			files = (
				FFF9CC01243C67E50041726E /* LaunchScreen.storyboard in Resources */,
				FFF9CBFE243C67E50041726E /* Assets.xcassets in Resources */,
				FFF9CBF9243C67E40041726E /* Main.storyboard in Resources */,
			);
			runOnlyForDeploymentPostprocessing = 0;
		};
		FFF9CC05243C67E50041726E /* Resources */ = {
			isa = PBXResourcesBuildPhase;
			buildActionMask = 2147483647;
			files = (
			);
			runOnlyForDeploymentPostprocessing = 0;
		};
		FFF9CC10243C67E50041726E /* Resources */ = {
			isa = PBXResourcesBuildPhase;
			buildActionMask = 2147483647;
			files = (
			);
			runOnlyForDeploymentPostprocessing = 0;
		};
/* End PBXResourcesBuildPhase section */

/* Begin PBXSourcesBuildPhase section */
		FFF9CBEA243C67E40041726E /* Sources */ = {
			isa = PBXSourcesBuildPhase;
			buildActionMask = 2147483647;
			files = (
				FFF9CC2B243C6B890041726E /* DBManager.swift in Sources */,
				FFF9CBF2243C67E40041726E /* AppDelegate.swift in Sources */,
				FFD052DE243CD0D5001D12F3 /* CustomTableViewCell.swift in Sources */,
				FFF9CBFC243C67E40041726E /* Deadliner.xcdatamodeld in Sources */,
				FF3880CA243DC295004DF507 /* ActivitiesViewController.swift in Sources */,
				FFF9CBF4243C67E40041726E /* SceneDelegate.swift in Sources */,
				FFF9CC28243C68220041726E /* HomeViewController.swift in Sources */,
				FFD052D5243C7BCA001D12F3 /* DBConstants.swift in Sources */,
				FFD052DB243C99A8001D12F3 /* ColorCollectionCell.swift in Sources */,
			);
			runOnlyForDeploymentPostprocessing = 0;
		};
		FFF9CC03243C67E50041726E /* Sources */ = {
			isa = PBXSourcesBuildPhase;
			buildActionMask = 2147483647;
			files = (
				FFF9CC0C243C67E50041726E /* DeadlinerTests.swift in Sources */,
			);
			runOnlyForDeploymentPostprocessing = 0;
		};
		FFF9CC0E243C67E50041726E /* Sources */ = {
			isa = PBXSourcesBuildPhase;
			buildActionMask = 2147483647;
			files = (
				FFF9CC17243C67E50041726E /* DeadlinerUITests.swift in Sources */,
			);
			runOnlyForDeploymentPostprocessing = 0;
		};
/* End PBXSourcesBuildPhase section */

/* Begin PBXTargetDependency section */
		FFF9CC09243C67E50041726E /* PBXTargetDependency */ = {
			isa = PBXTargetDependency;
			target = FFF9CBED243C67E40041726E /* Deadliner */;
			targetProxy = FFF9CC08243C67E50041726E /* PBXContainerItemProxy */;
		};
		FFF9CC14243C67E50041726E /* PBXTargetDependency */ = {
			isa = PBXTargetDependency;
			target = FFF9CBED243C67E40041726E /* Deadliner */;
			targetProxy = FFF9CC13243C67E50041726E /* PBXContainerItemProxy */;
		};
/* End PBXTargetDependency section */

/* Begin PBXVariantGroup section */
		FFF9CBF7243C67E40041726E /* Main.storyboard */ = {
			isa = PBXVariantGroup;
			children = (
				FFF9CBF8243C67E40041726E /* Base */,
			);
			name = Main.storyboard;
			sourceTree = "<group>";
		};
		FFF9CBFF243C67E50041726E /* LaunchScreen.storyboard */ = {
			isa = PBXVariantGroup;
			children = (
				FFF9CC00243C67E50041726E /* Base */,
			);
			name = LaunchScreen.storyboard;
			sourceTree = "<group>";
		};
/* End PBXVariantGroup section */

/* Begin XCBuildConfiguration section */
		FFF9CC19243C67E50041726E /* Debug */ = {
			isa = XCBuildConfiguration;
			buildSettings = {
				ALWAYS_SEARCH_USER_PATHS = NO;
				CLANG_ANALYZER_NONNULL = YES;
				CLANG_ANALYZER_NUMBER_OBJECT_CONVERSION = YES_AGGRESSIVE;
				CLANG_CXX_LANGUAGE_STANDARD = "gnu++14";
				CLANG_CXX_LIBRARY = "libc++";
				CLANG_ENABLE_MODULES = YES;
				CLANG_ENABLE_OBJC_ARC = YES;
				CLANG_ENABLE_OBJC_WEAK = YES;
				CLANG_WARN_BLOCK_CAPTURE_AUTORELEASING = YES;
				CLANG_WARN_BOOL_CONVERSION = YES;
				CLANG_WARN_COMMA = YES;
				CLANG_WARN_CONSTANT_CONVERSION = YES;
				CLANG_WARN_DEPRECATED_OBJC_IMPLEMENTATIONS = YES;
				CLANG_WARN_DIRECT_OBJC_ISA_USAGE = YES_ERROR;
				CLANG_WARN_DOCUMENTATION_COMMENTS = YES;
				CLANG_WARN_EMPTY_BODY = YES;
				CLANG_WARN_ENUM_CONVERSION = YES;
				CLANG_WARN_INFINITE_RECURSION = YES;
				CLANG_WARN_INT_CONVERSION = YES;
				CLANG_WARN_NON_LITERAL_NULL_CONVERSION = YES;
				CLANG_WARN_OBJC_IMPLICIT_RETAIN_SELF = YES;
				CLANG_WARN_OBJC_LITERAL_CONVERSION = YES;
				CLANG_WARN_OBJC_ROOT_CLASS = YES_ERROR;
				CLANG_WARN_RANGE_LOOP_ANALYSIS = YES;
				CLANG_WARN_STRICT_PROTOTYPES = YES;
				CLANG_WARN_SUSPICIOUS_MOVE = YES;
				CLANG_WARN_UNGUARDED_AVAILABILITY = YES_AGGRESSIVE;
				CLANG_WARN_UNREACHABLE_CODE = YES;
				CLANG_WARN__DUPLICATE_METHOD_MATCH = YES;
				COPY_PHASE_STRIP = NO;
				DEBUG_INFORMATION_FORMAT = dwarf;
				ENABLE_STRICT_OBJC_MSGSEND = YES;
				ENABLE_TESTABILITY = YES;
				GCC_C_LANGUAGE_STANDARD = gnu11;
				GCC_DYNAMIC_NO_PIC = NO;
				GCC_NO_COMMON_BLOCKS = YES;
				GCC_OPTIMIZATION_LEVEL = 0;
				GCC_PREPROCESSOR_DEFINITIONS = (
					"DEBUG=1",
					"$(inherited)",
				);
				GCC_WARN_64_TO_32_BIT_CONVERSION = YES;
				GCC_WARN_ABOUT_RETURN_TYPE = YES_ERROR;
				GCC_WARN_UNDECLARED_SELECTOR = YES;
				GCC_WARN_UNINITIALIZED_AUTOS = YES_AGGRESSIVE;
				GCC_WARN_UNUSED_FUNCTION = YES;
				GCC_WARN_UNUSED_VARIABLE = YES;
				IPHONEOS_DEPLOYMENT_TARGET = 13.4;
				MTL_ENABLE_DEBUG_INFO = INCLUDE_SOURCE;
				MTL_FAST_MATH = YES;
				ONLY_ACTIVE_ARCH = YES;
				SDKROOT = iphoneos;
				SWIFT_ACTIVE_COMPILATION_CONDITIONS = DEBUG;
				SWIFT_OPTIMIZATION_LEVEL = "-Onone";
			};
			name = Debug;
		};
		FFF9CC1A243C67E50041726E /* Release */ = {
			isa = XCBuildConfiguration;
			buildSettings = {
				ALWAYS_SEARCH_USER_PATHS = NO;
				CLANG_ANALYZER_NONNULL = YES;
				CLANG_ANALYZER_NUMBER_OBJECT_CONVERSION = YES_AGGRESSIVE;
				CLANG_CXX_LANGUAGE_STANDARD = "gnu++14";
				CLANG_CXX_LIBRARY = "libc++";
				CLANG_ENABLE_MODULES = YES;
				CLANG_ENABLE_OBJC_ARC = YES;
				CLANG_ENABLE_OBJC_WEAK = YES;
				CLANG_WARN_BLOCK_CAPTURE_AUTORELEASING = YES;
				CLANG_WARN_BOOL_CONVERSION = YES;
				CLANG_WARN_COMMA = YES;
				CLANG_WARN_CONSTANT_CONVERSION = YES;
				CLANG_WARN_DEPRECATED_OBJC_IMPLEMENTATIONS = YES;
				CLANG_WARN_DIRECT_OBJC_ISA_USAGE = YES_ERROR;
				CLANG_WARN_DOCUMENTATION_COMMENTS = YES;
				CLANG_WARN_EMPTY_BODY = YES;
				CLANG_WARN_ENUM_CONVERSION = YES;
				CLANG_WARN_INFINITE_RECURSION = YES;
				CLANG_WARN_INT_CONVERSION = YES;
				CLANG_WARN_NON_LITERAL_NULL_CONVERSION = YES;
				CLANG_WARN_OBJC_IMPLICIT_RETAIN_SELF = YES;
				CLANG_WARN_OBJC_LITERAL_CONVERSION = YES;
				CLANG_WARN_OBJC_ROOT_CLASS = YES_ERROR;
				CLANG_WARN_RANGE_LOOP_ANALYSIS = YES;
				CLANG_WARN_STRICT_PROTOTYPES = YES;
				CLANG_WARN_SUSPICIOUS_MOVE = YES;
				CLANG_WARN_UNGUARDED_AVAILABILITY = YES_AGGRESSIVE;
				CLANG_WARN_UNREACHABLE_CODE = YES;
				CLANG_WARN__DUPLICATE_METHOD_MATCH = YES;
				COPY_PHASE_STRIP = NO;
				DEBUG_INFORMATION_FORMAT = "dwarf-with-dsym";
				ENABLE_NS_ASSERTIONS = NO;
				ENABLE_STRICT_OBJC_MSGSEND = YES;
				GCC_C_LANGUAGE_STANDARD = gnu11;
				GCC_NO_COMMON_BLOCKS = YES;
				GCC_WARN_64_TO_32_BIT_CONVERSION = YES;
				GCC_WARN_ABOUT_RETURN_TYPE = YES_ERROR;
				GCC_WARN_UNDECLARED_SELECTOR = YES;
				GCC_WARN_UNINITIALIZED_AUTOS = YES_AGGRESSIVE;
				GCC_WARN_UNUSED_FUNCTION = YES;
				GCC_WARN_UNUSED_VARIABLE = YES;
				IPHONEOS_DEPLOYMENT_TARGET = 13.4;
				MTL_ENABLE_DEBUG_INFO = NO;
				MTL_FAST_MATH = YES;
				SDKROOT = iphoneos;
				SWIFT_COMPILATION_MODE = wholemodule;
				SWIFT_OPTIMIZATION_LEVEL = "-O";
				VALIDATE_PRODUCT = YES;
			};
			name = Release;
		};
		FFF9CC1C243C67E50041726E /* Debug */ = {
			isa = XCBuildConfiguration;
			buildSettings = {
				ASSETCATALOG_COMPILER_APPICON_NAME = AppIcon;
				CODE_SIGN_STYLE = Automatic;
				DEVELOPMENT_TEAM = 8MV3PNW544;
				INFOPLIST_FILE = Deadliner/Info.plist;
				IPHONEOS_DEPLOYMENT_TARGET = 13.3;
				LD_RUNPATH_SEARCH_PATHS = (
					"$(inherited)",
					"@executable_path/Frameworks",
				);
				PRODUCT_BUNDLE_IDENTIFIER = com.mnobelsh.Deadliner;
				PRODUCT_NAME = "$(TARGET_NAME)";
				SWIFT_VERSION = 5.0;
				TARGETED_DEVICE_FAMILY = "1,2";
			};
			name = Debug;
		};
		FFF9CC1D243C67E50041726E /* Release */ = {
			isa = XCBuildConfiguration;
			buildSettings = {
				ASSETCATALOG_COMPILER_APPICON_NAME = AppIcon;
				CODE_SIGN_STYLE = Automatic;
				DEVELOPMENT_TEAM = 8MV3PNW544;
				INFOPLIST_FILE = Deadliner/Info.plist;
				IPHONEOS_DEPLOYMENT_TARGET = 13.3;
				LD_RUNPATH_SEARCH_PATHS = (
					"$(inherited)",
					"@executable_path/Frameworks",
				);
				PRODUCT_BUNDLE_IDENTIFIER = com.mnobelsh.Deadliner;
				PRODUCT_NAME = "$(TARGET_NAME)";
				SWIFT_VERSION = 5.0;
				TARGETED_DEVICE_FAMILY = "1,2";
			};
			name = Release;
		};
		FFF9CC1F243C67E50041726E /* Debug */ = {
			isa = XCBuildConfiguration;
			buildSettings = {
				ALWAYS_EMBED_SWIFT_STANDARD_LIBRARIES = YES;
				BUNDLE_LOADER = "$(TEST_HOST)";
				CODE_SIGN_STYLE = Automatic;
				DEVELOPMENT_TEAM = 8MV3PNW544;
				INFOPLIST_FILE = DeadlinerTests/Info.plist;
				IPHONEOS_DEPLOYMENT_TARGET = 13.4;
				LD_RUNPATH_SEARCH_PATHS = (
					"$(inherited)",
					"@executable_path/Frameworks",
					"@loader_path/Frameworks",
				);
				PRODUCT_BUNDLE_IDENTIFIER = com.mnobelsh.DeadlinerTests;
				PRODUCT_NAME = "$(TARGET_NAME)";
				SWIFT_VERSION = 5.0;
				TARGETED_DEVICE_FAMILY = "1,2";
				TEST_HOST = "$(BUILT_PRODUCTS_DIR)/Deadliner.app/Deadliner";
			};
			name = Debug;
		};
		FFF9CC20243C67E50041726E /* Release */ = {
			isa = XCBuildConfiguration;
			buildSettings = {
				ALWAYS_EMBED_SWIFT_STANDARD_LIBRARIES = YES;
				BUNDLE_LOADER = "$(TEST_HOST)";
				CODE_SIGN_STYLE = Automatic;
				DEVELOPMENT_TEAM = 8MV3PNW544;
				INFOPLIST_FILE = DeadlinerTests/Info.plist;
				IPHONEOS_DEPLOYMENT_TARGET = 13.4;
				LD_RUNPATH_SEARCH_PATHS = (
					"$(inherited)",
					"@executable_path/Frameworks",
					"@loader_path/Frameworks",
				);
				PRODUCT_BUNDLE_IDENTIFIER = com.mnobelsh.DeadlinerTests;
				PRODUCT_NAME = "$(TARGET_NAME)";
				SWIFT_VERSION = 5.0;
				TARGETED_DEVICE_FAMILY = "1,2";
				TEST_HOST = "$(BUILT_PRODUCTS_DIR)/Deadliner.app/Deadliner";
			};
			name = Release;
		};
		FFF9CC22243C67E50041726E /* Debug */ = {
			isa = XCBuildConfiguration;
			buildSettings = {
				ALWAYS_EMBED_SWIFT_STANDARD_LIBRARIES = YES;
				CODE_SIGN_STYLE = Automatic;
				DEVELOPMENT_TEAM = 8MV3PNW544;
				INFOPLIST_FILE = DeadlinerUITests/Info.plist;
				LD_RUNPATH_SEARCH_PATHS = (
					"$(inherited)",
					"@executable_path/Frameworks",
					"@loader_path/Frameworks",
				);
				PRODUCT_BUNDLE_IDENTIFIER = com.mnobelsh.DeadlinerUITests;
				PRODUCT_NAME = "$(TARGET_NAME)";
				SWIFT_VERSION = 5.0;
				TARGETED_DEVICE_FAMILY = "1,2";
				TEST_TARGET_NAME = Deadliner;
			};
			name = Debug;
		};
		FFF9CC23243C67E50041726E /* Release */ = {
			isa = XCBuildConfiguration;
			buildSettings = {
				ALWAYS_EMBED_SWIFT_STANDARD_LIBRARIES = YES;
				CODE_SIGN_STYLE = Automatic;
				DEVELOPMENT_TEAM = 8MV3PNW544;
				INFOPLIST_FILE = DeadlinerUITests/Info.plist;
				LD_RUNPATH_SEARCH_PATHS = (
					"$(inherited)",
					"@executable_path/Frameworks",
					"@loader_path/Frameworks",
				);
				PRODUCT_BUNDLE_IDENTIFIER = com.mnobelsh.DeadlinerUITests;
				PRODUCT_NAME = "$(TARGET_NAME)";
				SWIFT_VERSION = 5.0;
				TARGETED_DEVICE_FAMILY = "1,2";
				TEST_TARGET_NAME = Deadliner;
			};
			name = Release;
		};
/* End XCBuildConfiguration section */

/* Begin XCConfigurationList section */
		FFF9CBE9243C67E40041726E /* Build configuration list for PBXProject "Deadliner" */ = {
			isa = XCConfigurationList;
			buildConfigurations = (
				FFF9CC19243C67E50041726E /* Debug */,
				FFF9CC1A243C67E50041726E /* Release */,
			);
			defaultConfigurationIsVisible = 0;
			defaultConfigurationName = Release;
		};
		FFF9CC1B243C67E50041726E /* Build configuration list for PBXNativeTarget "Deadliner" */ = {
			isa = XCConfigurationList;
			buildConfigurations = (
				FFF9CC1C243C67E50041726E /* Debug */,
				FFF9CC1D243C67E50041726E /* Release */,
			);
			defaultConfigurationIsVisible = 0;
			defaultConfigurationName = Release;
		};
		FFF9CC1E243C67E50041726E /* Build configuration list for PBXNativeTarget "DeadlinerTests" */ = {
			isa = XCConfigurationList;
			buildConfigurations = (
				FFF9CC1F243C67E50041726E /* Debug */,
				FFF9CC20243C67E50041726E /* Release */,
			);
			defaultConfigurationIsVisible = 0;
			defaultConfigurationName = Release;
		};
		FFF9CC21243C67E50041726E /* Build configuration list for PBXNativeTarget "DeadlinerUITests" */ = {
			isa = XCConfigurationList;
			buildConfigurations = (
				FFF9CC22243C67E50041726E /* Debug */,
				FFF9CC23243C67E50041726E /* Release */,
			);
			defaultConfigurationIsVisible = 0;
			defaultConfigurationName = Release;
		};
/* End XCConfigurationList section */

/* Begin XCVersionGroup section */
		FFF9CBFA243C67E40041726E /* Deadliner.xcdatamodeld */ = {
			isa = XCVersionGroup;
			children = (
				FFF9CBFB243C67E40041726E /* Deadliner.xcdatamodel */,
			);
			currentVersion = FFF9CBFB243C67E40041726E /* Deadliner.xcdatamodel */;
			path = Deadliner.xcdatamodeld;
			sourceTree = "<group>";
			versionGroupType = wrapper.xcdatamodel;
		};
/* End XCVersionGroup section */
	};
	rootObject = FFF9CBE6243C67E40041726E /* Project object */;
}
