// !$*UTF8*$!
{
	archiveVersion = 1;
	classes = {
	};
	objectVersion = 50;
	objects = {

/* Begin PBXBuildFile section */
		422D0755243C6ADE0092763D /* AppDelegate.swift in Sources */ = {isa = PBXBuildFile; fileRef = 422D0754243C6ADE0092763D /* AppDelegate.swift */; };
		422D0757243C6ADE0092763D /* SceneDelegate.swift in Sources */ = {isa = PBXBuildFile; fileRef = 422D0756243C6ADE0092763D /* SceneDelegate.swift */; };
		422D075C243C6ADE0092763D /* Main.storyboard in Resources */ = {isa = PBXBuildFile; fileRef = 422D075A243C6ADE0092763D /* Main.storyboard */; };
		422D075F243C6ADE0092763D /* Deadliner.xcdatamodeld in Sources */ = {isa = PBXBuildFile; fileRef = 422D075D243C6ADE0092763D /* Deadliner.xcdatamodeld */; };
		422D0761243C6ADF0092763D /* Assets.xcassets in Resources */ = {isa = PBXBuildFile; fileRef = 422D0760243C6ADF0092763D /* Assets.xcassets */; };
		422D0764243C6ADF0092763D /* LaunchScreen.storyboard in Resources */ = {isa = PBXBuildFile; fileRef = 422D0762243C6ADF0092763D /* LaunchScreen.storyboard */; };
		422D076F243C6ADF0092763D /* DeadlinerTests.swift in Sources */ = {isa = PBXBuildFile; fileRef = 422D076E243C6ADF0092763D /* DeadlinerTests.swift */; };
		422D077A243C6ADF0092763D /* DeadlinerUITests.swift in Sources */ = {isa = PBXBuildFile; fileRef = 422D0779243C6ADF0092763D /* DeadlinerUITests.swift */; };
		F9139E03243C86A000F2118F /* ActivityTableViewController.swift in Sources */ = {isa = PBXBuildFile; fileRef = F9139E02243C86A000F2118F /* ActivityTableViewController.swift */; };
		F945407B243F05CF00CD629E /* ActivityTableViewCell.swift in Sources */ = {isa = PBXBuildFile; fileRef = F945407A243F05CF00CD629E /* ActivityTableViewCell.swift */; };
/* End PBXBuildFile section */

/* Begin PBXContainerItemProxy section */
		422D076B243C6ADF0092763D /* PBXContainerItemProxy */ = {
			isa = PBXContainerItemProxy;
			containerPortal = 422D0749243C6ADE0092763D /* Project object */;
			proxyType = 1;
			remoteGlobalIDString = 422D0750243C6ADE0092763D;
			remoteInfo = Deadliner;
		};
		422D0776243C6ADF0092763D /* PBXContainerItemProxy */ = {
			isa = PBXContainerItemProxy;
			containerPortal = 422D0749243C6ADE0092763D /* Project object */;
			proxyType = 1;
			remoteGlobalIDString = 422D0750243C6ADE0092763D;
			remoteInfo = Deadliner;
		};
/* End PBXContainerItemProxy section */

/* Begin PBXFileReference section */
		422D0751243C6ADE0092763D /* Deadliner.app */ = {isa = PBXFileReference; explicitFileType = wrapper.application; includeInIndex = 0; path = Deadliner.app; sourceTree = BUILT_PRODUCTS_DIR; };
		422D0754243C6ADE0092763D /* AppDelegate.swift */ = {isa = PBXFileReference; lastKnownFileType = sourcecode.swift; path = AppDelegate.swift; sourceTree = "<group>"; };
		422D0756243C6ADE0092763D /* SceneDelegate.swift */ = {isa = PBXFileReference; lastKnownFileType = sourcecode.swift; path = SceneDelegate.swift; sourceTree = "<group>"; };
		422D075B243C6ADE0092763D /* Base */ = {isa = PBXFileReference; lastKnownFileType = file.storyboard; name = Base; path = Base.lproj/Main.storyboard; sourceTree = "<group>"; };
		422D075E243C6ADE0092763D /* Deadliner.xcdatamodel */ = {isa = PBXFileReference; lastKnownFileType = wrapper.xcdatamodel; path = Deadliner.xcdatamodel; sourceTree = "<group>"; };
		422D0760243C6ADF0092763D /* Assets.xcassets */ = {isa = PBXFileReference; lastKnownFileType = folder.assetcatalog; path = Assets.xcassets; sourceTree = "<group>"; };
		422D0763243C6ADF0092763D /* Base */ = {isa = PBXFileReference; lastKnownFileType = file.storyboard; name = Base; path = Base.lproj/LaunchScreen.storyboard; sourceTree = "<group>"; };
		422D0765243C6ADF0092763D /* Info.plist */ = {isa = PBXFileReference; lastKnownFileType = text.plist.xml; path = Info.plist; sourceTree = "<group>"; };
		422D076A243C6ADF0092763D /* DeadlinerTests.xctest */ = {isa = PBXFileReference; explicitFileType = wrapper.cfbundle; includeInIndex = 0; path = DeadlinerTests.xctest; sourceTree = BUILT_PRODUCTS_DIR; };
		422D076E243C6ADF0092763D /* DeadlinerTests.swift */ = {isa = PBXFileReference; lastKnownFileType = sourcecode.swift; path = DeadlinerTests.swift; sourceTree = "<group>"; };
		422D0770243C6ADF0092763D /* Info.plist */ = {isa = PBXFileReference; lastKnownFileType = text.plist.xml; path = Info.plist; sourceTree = "<group>"; };
		422D0775243C6ADF0092763D /* DeadlinerUITests.xctest */ = {isa = PBXFileReference; explicitFileType = wrapper.cfbundle; includeInIndex = 0; path = DeadlinerUITests.xctest; sourceTree = BUILT_PRODUCTS_DIR; };
		422D0779243C6ADF0092763D /* DeadlinerUITests.swift */ = {isa = PBXFileReference; lastKnownFileType = sourcecode.swift; path = DeadlinerUITests.swift; sourceTree = "<group>"; };
		422D077B243C6ADF0092763D /* Info.plist */ = {isa = PBXFileReference; lastKnownFileType = text.plist.xml; path = Info.plist; sourceTree = "<group>"; };
		F9139E02243C86A000F2118F /* ActivityTableViewController.swift */ = {isa = PBXFileReference; lastKnownFileType = sourcecode.swift; path = ActivityTableViewController.swift; sourceTree = "<group>"; };
		F945407A243F05CF00CD629E /* ActivityTableViewCell.swift */ = {isa = PBXFileReference; lastKnownFileType = sourcecode.swift; path = ActivityTableViewCell.swift; sourceTree = "<group>"; };
/* End PBXFileReference section */

/* Begin PBXFrameworksBuildPhase section */
		422D074E243C6ADE0092763D /* Frameworks */ = {
			isa = PBXFrameworksBuildPhase;
			buildActionMask = 2147483647;
			files = (
			);
			runOnlyForDeploymentPostprocessing = 0;
		};
		422D0767243C6ADF0092763D /* Frameworks */ = {
			isa = PBXFrameworksBuildPhase;
			buildActionMask = 2147483647;
			files = (
			);
			runOnlyForDeploymentPostprocessing = 0;
		};
		422D0772243C6ADF0092763D /* Frameworks */ = {
			isa = PBXFrameworksBuildPhase;
			buildActionMask = 2147483647;
			files = (
			);
			runOnlyForDeploymentPostprocessing = 0;
		};
/* End PBXFrameworksBuildPhase section */

/* Begin PBXGroup section */
		422D0748243C6ADE0092763D = {
			isa = PBXGroup;
			children = (
				422D0753243C6ADE0092763D /* Deadliner */,
				422D076D243C6ADF0092763D /* DeadlinerTests */,
				422D0778243C6ADF0092763D /* DeadlinerUITests */,
				422D0752243C6ADE0092763D /* Products */,
			);
			sourceTree = "<group>";
		};
		422D0752243C6ADE0092763D /* Products */ = {
			isa = PBXGroup;
			children = (
				422D0751243C6ADE0092763D /* Deadliner.app */,
				422D076A243C6ADF0092763D /* DeadlinerTests.xctest */,
				422D0775243C6ADF0092763D /* DeadlinerUITests.xctest */,
			);
			name = Products;
			sourceTree = "<group>";
		};
		422D0753243C6ADE0092763D /* Deadliner */ = {
			isa = PBXGroup;
			children = (
				F9139E02243C86A000F2118F /* ActivityTableViewController.swift */,
				422D0754243C6ADE0092763D /* AppDelegate.swift */,
				422D0756243C6ADE0092763D /* SceneDelegate.swift */,
				422D075A243C6ADE0092763D /* Main.storyboard */,
				422D0760243C6ADF0092763D /* Assets.xcassets */,
				422D0762243C6ADF0092763D /* LaunchScreen.storyboard */,
				422D0765243C6ADF0092763D /* Info.plist */,
				422D075D243C6ADE0092763D /* Deadliner.xcdatamodeld */,
				F945407A243F05CF00CD629E /* ActivityTableViewCell.swift */,
			);
			path = Deadliner;
			sourceTree = "<group>";
		};
		422D076D243C6ADF0092763D /* DeadlinerTests */ = {
			isa = PBXGroup;
			children = (
				422D076E243C6ADF0092763D /* DeadlinerTests.swift */,
				422D0770243C6ADF0092763D /* Info.plist */,
			);
			path = DeadlinerTests;
			sourceTree = "<group>";
		};
		422D0778243C6ADF0092763D /* DeadlinerUITests */ = {
			isa = PBXGroup;
			children = (
				422D0779243C6ADF0092763D /* DeadlinerUITests.swift */,
				422D077B243C6ADF0092763D /* Info.plist */,
			);
			path = DeadlinerUITests;
			sourceTree = "<group>";
		};
/* End PBXGroup section */

/* Begin PBXNativeTarget section */
		422D0750243C6ADE0092763D /* Deadliner */ = {
			isa = PBXNativeTarget;
			buildConfigurationList = 422D077E243C6ADF0092763D /* Build configuration list for PBXNativeTarget "Deadliner" */;
			buildPhases = (
				422D074D243C6ADE0092763D /* Sources */,
				422D074E243C6ADE0092763D /* Frameworks */,
				422D074F243C6ADE0092763D /* Resources */,
			);
			buildRules = (
			);
			dependencies = (
			);
			name = Deadliner;
			productName = Deadliner;
			productReference = 422D0751243C6ADE0092763D /* Deadliner.app */;
			productType = "com.apple.product-type.application";
		};
		422D0769243C6ADF0092763D /* DeadlinerTests */ = {
			isa = PBXNativeTarget;
			buildConfigurationList = 422D0781243C6ADF0092763D /* Build configuration list for PBXNativeTarget "DeadlinerTests" */;
			buildPhases = (
				422D0766243C6ADF0092763D /* Sources */,
				422D0767243C6ADF0092763D /* Frameworks */,
				422D0768243C6ADF0092763D /* Resources */,
			);
			buildRules = (
			);
			dependencies = (
				422D076C243C6ADF0092763D /* PBXTargetDependency */,
			);
			name = DeadlinerTests;
			productName = DeadlinerTests;
			productReference = 422D076A243C6ADF0092763D /* DeadlinerTests.xctest */;
			productType = "com.apple.product-type.bundle.unit-test";
		};
		422D0774243C6ADF0092763D /* DeadlinerUITests */ = {
			isa = PBXNativeTarget;
			buildConfigurationList = 422D0784243C6ADF0092763D /* Build configuration list for PBXNativeTarget "DeadlinerUITests" */;
			buildPhases = (
				422D0771243C6ADF0092763D /* Sources */,
				422D0772243C6ADF0092763D /* Frameworks */,
				422D0773243C6ADF0092763D /* Resources */,
			);
			buildRules = (
			);
			dependencies = (
				422D0777243C6ADF0092763D /* PBXTargetDependency */,
			);
			name = DeadlinerUITests;
			productName = DeadlinerUITests;
			productReference = 422D0775243C6ADF0092763D /* DeadlinerUITests.xctest */;
			productType = "com.apple.product-type.bundle.ui-testing";
		};
/* End PBXNativeTarget section */

/* Begin PBXProject section */
		422D0749243C6ADE0092763D /* Project object */ = {
			isa = PBXProject;
			attributes = {
				LastSwiftUpdateCheck = 1130;
				LastUpgradeCheck = 1130;
				ORGANIZATIONNAME = "Peter Andrew";
				TargetAttributes = {
					422D0750243C6ADE0092763D = {
						CreatedOnToolsVersion = 11.3.1;
					};
					422D0769243C6ADF0092763D = {
						CreatedOnToolsVersion = 11.3.1;
						TestTargetID = 422D0750243C6ADE0092763D;
					};
					422D0774243C6ADF0092763D = {
						CreatedOnToolsVersion = 11.3.1;
						TestTargetID = 422D0750243C6ADE0092763D;
					};
				};
			};
			buildConfigurationList = 422D074C243C6ADE0092763D /* Build configuration list for PBXProject "Deadliner" */;
			compatibilityVersion = "Xcode 9.3";
			developmentRegion = en;
			hasScannedForEncodings = 0;
			knownRegions = (
				en,
				Base,
			);
			mainGroup = 422D0748243C6ADE0092763D;
			productRefGroup = 422D0752243C6ADE0092763D /* Products */;
			projectDirPath = "";
			projectRoot = "";
			targets = (
				422D0750243C6ADE0092763D /* Deadliner */,
				422D0769243C6ADF0092763D /* DeadlinerTests */,
				422D0774243C6ADF0092763D /* DeadlinerUITests */,
			);
		};
/* End PBXProject section */

/* Begin PBXResourcesBuildPhase section */
		422D074F243C6ADE0092763D /* Resources */ = {
			isa = PBXResourcesBuildPhase;
			buildActionMask = 2147483647;
			files = (
				422D0764243C6ADF0092763D /* LaunchScreen.storyboard in Resources */,
				422D0761243C6ADF0092763D /* Assets.xcassets in Resources */,
				422D075C243C6ADE0092763D /* Main.storyboard in Resources */,
			);
			runOnlyForDeploymentPostprocessing = 0;
		};
		422D0768243C6ADF0092763D /* Resources */ = {
			isa = PBXResourcesBuildPhase;
			buildActionMask = 2147483647;
			files = (
			);
			runOnlyForDeploymentPostprocessing = 0;
		};
		422D0773243C6ADF0092763D /* Resources */ = {
			isa = PBXResourcesBuildPhase;
			buildActionMask = 2147483647;
			files = (
			);
			runOnlyForDeploymentPostprocessing = 0;
		};
/* End PBXResourcesBuildPhase section */

/* Begin PBXSourcesBuildPhase section */
		422D074D243C6ADE0092763D /* Sources */ = {
			isa = PBXSourcesBuildPhase;
			buildActionMask = 2147483647;
			files = (
				F9139E03243C86A000F2118F /* ActivityTableViewController.swift in Sources */,
				422D0755243C6ADE0092763D /* AppDelegate.swift in Sources */,
				F945407B243F05CF00CD629E /* ActivityTableViewCell.swift in Sources */,
				422D075F243C6ADE0092763D /* Deadliner.xcdatamodeld in Sources */,
				422D0757243C6ADE0092763D /* SceneDelegate.swift in Sources */,
			);
			runOnlyForDeploymentPostprocessing = 0;
		};
		422D0766243C6ADF0092763D /* Sources */ = {
			isa = PBXSourcesBuildPhase;
			buildActionMask = 2147483647;
			files = (
				422D076F243C6ADF0092763D /* DeadlinerTests.swift in Sources */,
			);
			runOnlyForDeploymentPostprocessing = 0;
		};
		422D0771243C6ADF0092763D /* Sources */ = {
			isa = PBXSourcesBuildPhase;
			buildActionMask = 2147483647;
			files = (
				422D077A243C6ADF0092763D /* DeadlinerUITests.swift in Sources */,
			);
			runOnlyForDeploymentPostprocessing = 0;
		};
/* End PBXSourcesBuildPhase section */

/* Begin PBXTargetDependency section */
		422D076C243C6ADF0092763D /* PBXTargetDependency */ = {
			isa = PBXTargetDependency;
			target = 422D0750243C6ADE0092763D /* Deadliner */;
			targetProxy = 422D076B243C6ADF0092763D /* PBXContainerItemProxy */;
		};
		422D0777243C6ADF0092763D /* PBXTargetDependency */ = {
			isa = PBXTargetDependency;
			target = 422D0750243C6ADE0092763D /* Deadliner */;
			targetProxy = 422D0776243C6ADF0092763D /* PBXContainerItemProxy */;
		};
/* End PBXTargetDependency section */

/* Begin PBXVariantGroup section */
		422D075A243C6ADE0092763D /* Main.storyboard */ = {
			isa = PBXVariantGroup;
			children = (
				422D075B243C6ADE0092763D /* Base */,
			);
			name = Main.storyboard;
			sourceTree = "<group>";
		};
		422D0762243C6ADF0092763D /* LaunchScreen.storyboard */ = {
			isa = PBXVariantGroup;
			children = (
				422D0763243C6ADF0092763D /* Base */,
			);
			name = LaunchScreen.storyboard;
			sourceTree = "<group>";
		};
/* End PBXVariantGroup section */

/* Begin XCBuildConfiguration section */
		422D077C243C6ADF0092763D /* Debug */ = {
			isa = XCBuildConfiguration;
			buildSettings = {
				ALWAYS_SEARCH_USER_PATHS = NO;
				CLANG_ANALYZER_NONNULL = YES;
				CLANG_ANALYZER_NUMBER_OBJECT_CONVERSION = YES_AGGRESSIVE;
				CLANG_CXX_LANGUAGE_STANDARD = "gnu++14";
				CLANG_CXX_LIBRARY = "libc++";
				CLANG_ENABLE_MODULES = YES;
				CLANG_ENABLE_OBJC_ARC = YES;
				CLANG_ENABLE_OBJC_WEAK = YES;
				CLANG_WARN_BLOCK_CAPTURE_AUTORELEASING = YES;
				CLANG_WARN_BOOL_CONVERSION = YES;
				CLANG_WARN_COMMA = YES;
				CLANG_WARN_CONSTANT_CONVERSION = YES;
				CLANG_WARN_DEPRECATED_OBJC_IMPLEMENTATIONS = YES;
				CLANG_WARN_DIRECT_OBJC_ISA_USAGE = YES_ERROR;
				CLANG_WARN_DOCUMENTATION_COMMENTS = YES;
				CLANG_WARN_EMPTY_BODY = YES;
				CLANG_WARN_ENUM_CONVERSION = YES;
				CLANG_WARN_INFINITE_RECURSION = YES;
				CLANG_WARN_INT_CONVERSION = YES;
				CLANG_WARN_NON_LITERAL_NULL_CONVERSION = YES;
				CLANG_WARN_OBJC_IMPLICIT_RETAIN_SELF = YES;
				CLANG_WARN_OBJC_LITERAL_CONVERSION = YES;
				CLANG_WARN_OBJC_ROOT_CLASS = YES_ERROR;
				CLANG_WARN_RANGE_LOOP_ANALYSIS = YES;
				CLANG_WARN_STRICT_PROTOTYPES = YES;
				CLANG_WARN_SUSPICIOUS_MOVE = YES;
				CLANG_WARN_UNGUARDED_AVAILABILITY = YES_AGGRESSIVE;
				CLANG_WARN_UNREACHABLE_CODE = YES;
				CLANG_WARN__DUPLICATE_METHOD_MATCH = YES;
				COPY_PHASE_STRIP = NO;
				DEBUG_INFORMATION_FORMAT = dwarf;
				ENABLE_STRICT_OBJC_MSGSEND = YES;
				ENABLE_TESTABILITY = YES;
				GCC_C_LANGUAGE_STANDARD = gnu11;
				GCC_DYNAMIC_NO_PIC = NO;
				GCC_NO_COMMON_BLOCKS = YES;
				GCC_OPTIMIZATION_LEVEL = 0;
				GCC_PREPROCESSOR_DEFINITIONS = (
					"DEBUG=1",
					"$(inherited)",
				);
				GCC_WARN_64_TO_32_BIT_CONVERSION = YES;
				GCC_WARN_ABOUT_RETURN_TYPE = YES_ERROR;
				GCC_WARN_UNDECLARED_SELECTOR = YES;
				GCC_WARN_UNINITIALIZED_AUTOS = YES_AGGRESSIVE;
				GCC_WARN_UNUSED_FUNCTION = YES;
				GCC_WARN_UNUSED_VARIABLE = YES;
				IPHONEOS_DEPLOYMENT_TARGET = 13.2;
				MTL_ENABLE_DEBUG_INFO = INCLUDE_SOURCE;
				MTL_FAST_MATH = YES;
				ONLY_ACTIVE_ARCH = YES;
				SDKROOT = iphoneos;
				SWIFT_ACTIVE_COMPILATION_CONDITIONS = DEBUG;
				SWIFT_OPTIMIZATION_LEVEL = "-Onone";
			};
			name = Debug;
		};
		422D077D243C6ADF0092763D /* Release */ = {
			isa = XCBuildConfiguration;
			buildSettings = {
				ALWAYS_SEARCH_USER_PATHS = NO;
				CLANG_ANALYZER_NONNULL = YES;
				CLANG_ANALYZER_NUMBER_OBJECT_CONVERSION = YES_AGGRESSIVE;
				CLANG_CXX_LANGUAGE_STANDARD = "gnu++14";
				CLANG_CXX_LIBRARY = "libc++";
				CLANG_ENABLE_MODULES = YES;
				CLANG_ENABLE_OBJC_ARC = YES;
				CLANG_ENABLE_OBJC_WEAK = YES;
				CLANG_WARN_BLOCK_CAPTURE_AUTORELEASING = YES;
				CLANG_WARN_BOOL_CONVERSION = YES;
				CLANG_WARN_COMMA = YES;
				CLANG_WARN_CONSTANT_CONVERSION = YES;
				CLANG_WARN_DEPRECATED_OBJC_IMPLEMENTATIONS = YES;
				CLANG_WARN_DIRECT_OBJC_ISA_USAGE = YES_ERROR;
				CLANG_WARN_DOCUMENTATION_COMMENTS = YES;
				CLANG_WARN_EMPTY_BODY = YES;
				CLANG_WARN_ENUM_CONVERSION = YES;
				CLANG_WARN_INFINITE_RECURSION = YES;
				CLANG_WARN_INT_CONVERSION = YES;
				CLANG_WARN_NON_LITERAL_NULL_CONVERSION = YES;
				CLANG_WARN_OBJC_IMPLICIT_RETAIN_SELF = YES;
				CLANG_WARN_OBJC_LITERAL_CONVERSION = YES;
				CLANG_WARN_OBJC_ROOT_CLASS = YES_ERROR;
				CLANG_WARN_RANGE_LOOP_ANALYSIS = YES;
				CLANG_WARN_STRICT_PROTOTYPES = YES;
				CLANG_WARN_SUSPICIOUS_MOVE = YES;
				CLANG_WARN_UNGUARDED_AVAILABILITY = YES_AGGRESSIVE;
				CLANG_WARN_UNREACHABLE_CODE = YES;
				CLANG_WARN__DUPLICATE_METHOD_MATCH = YES;
				COPY_PHASE_STRIP = NO;
				DEBUG_INFORMATION_FORMAT = "dwarf-with-dsym";
				ENABLE_NS_ASSERTIONS = NO;
				ENABLE_STRICT_OBJC_MSGSEND = YES;
				GCC_C_LANGUAGE_STANDARD = gnu11;
				GCC_NO_COMMON_BLOCKS = YES;
				GCC_WARN_64_TO_32_BIT_CONVERSION = YES;
				GCC_WARN_ABOUT_RETURN_TYPE = YES_ERROR;
				GCC_WARN_UNDECLARED_SELECTOR = YES;
				GCC_WARN_UNINITIALIZED_AUTOS = YES_AGGRESSIVE;
				GCC_WARN_UNUSED_FUNCTION = YES;
				GCC_WARN_UNUSED_VARIABLE = YES;
				IPHONEOS_DEPLOYMENT_TARGET = 13.2;
				MTL_ENABLE_DEBUG_INFO = NO;
				MTL_FAST_MATH = YES;
				SDKROOT = iphoneos;
				SWIFT_COMPILATION_MODE = wholemodule;
				SWIFT_OPTIMIZATION_LEVEL = "-O";
				VALIDATE_PRODUCT = YES;
			};
			name = Release;
		};
		422D077F243C6ADF0092763D /* Debug */ = {
			isa = XCBuildConfiguration;
			buildSettings = {
				ASSETCATALOG_COMPILER_APPICON_NAME = AppIcon;
				CODE_SIGN_STYLE = Automatic;
				DEVELOPMENT_TEAM = 87WHDY7XDH;
				INFOPLIST_FILE = Deadliner/Info.plist;
				LD_RUNPATH_SEARCH_PATHS = (
					"$(inherited)",
					"@executable_path/Frameworks",
				);
				PRODUCT_BUNDLE_IDENTIFIER = com.peter.Deadliner;
				PRODUCT_NAME = "$(TARGET_NAME)";
				SWIFT_VERSION = 5.0;
				TARGETED_DEVICE_FAMILY = "1,2";
			};
			name = Debug;
		};
		422D0780243C6ADF0092763D /* Release */ = {
			isa = XCBuildConfiguration;
			buildSettings = {
				ASSETCATALOG_COMPILER_APPICON_NAME = AppIcon;
				CODE_SIGN_STYLE = Automatic;
				DEVELOPMENT_TEAM = 87WHDY7XDH;
				INFOPLIST_FILE = Deadliner/Info.plist;
				LD_RUNPATH_SEARCH_PATHS = (
					"$(inherited)",
					"@executable_path/Frameworks",
				);
				PRODUCT_BUNDLE_IDENTIFIER = com.peter.Deadliner;
				PRODUCT_NAME = "$(TARGET_NAME)";
				SWIFT_VERSION = 5.0;
				TARGETED_DEVICE_FAMILY = "1,2";
			};
			name = Release;
		};
		422D0782243C6ADF0092763D /* Debug */ = {
			isa = XCBuildConfiguration;
			buildSettings = {
				ALWAYS_EMBED_SWIFT_STANDARD_LIBRARIES = YES;
				BUNDLE_LOADER = "$(TEST_HOST)";
				CODE_SIGN_STYLE = Automatic;
				DEVELOPMENT_TEAM = 87WHDY7XDH;
				INFOPLIST_FILE = DeadlinerTests/Info.plist;
				IPHONEOS_DEPLOYMENT_TARGET = 13.2;
				LD_RUNPATH_SEARCH_PATHS = (
					"$(inherited)",
					"@executable_path/Frameworks",
					"@loader_path/Frameworks",
				);
				PRODUCT_BUNDLE_IDENTIFIER = com.peter.DeadlinerTests;
				PRODUCT_NAME = "$(TARGET_NAME)";
				SWIFT_VERSION = 5.0;
				TARGETED_DEVICE_FAMILY = "1,2";
				TEST_HOST = "$(BUILT_PRODUCTS_DIR)/Deadliner.app/Deadliner";
			};
			name = Debug;
		};
		422D0783243C6ADF0092763D /* Release */ = {
			isa = XCBuildConfiguration;
			buildSettings = {
				ALWAYS_EMBED_SWIFT_STANDARD_LIBRARIES = YES;
				BUNDLE_LOADER = "$(TEST_HOST)";
				CODE_SIGN_STYLE = Automatic;
				DEVELOPMENT_TEAM = 87WHDY7XDH;
				INFOPLIST_FILE = DeadlinerTests/Info.plist;
				IPHONEOS_DEPLOYMENT_TARGET = 13.2;
				LD_RUNPATH_SEARCH_PATHS = (
					"$(inherited)",
					"@executable_path/Frameworks",
					"@loader_path/Frameworks",
				);
				PRODUCT_BUNDLE_IDENTIFIER = com.peter.DeadlinerTests;
				PRODUCT_NAME = "$(TARGET_NAME)";
				SWIFT_VERSION = 5.0;
				TARGETED_DEVICE_FAMILY = "1,2";
				TEST_HOST = "$(BUILT_PRODUCTS_DIR)/Deadliner.app/Deadliner";
			};
			name = Release;
		};
		422D0785243C6ADF0092763D /* Debug */ = {
			isa = XCBuildConfiguration;
			buildSettings = {
				ALWAYS_EMBED_SWIFT_STANDARD_LIBRARIES = YES;
				CODE_SIGN_STYLE = Automatic;
				DEVELOPMENT_TEAM = 87WHDY7XDH;
				INFOPLIST_FILE = DeadlinerUITests/Info.plist;
				LD_RUNPATH_SEARCH_PATHS = (
					"$(inherited)",
					"@executable_path/Frameworks",
					"@loader_path/Frameworks",
				);
				PRODUCT_BUNDLE_IDENTIFIER = com.peter.DeadlinerUITests;
				PRODUCT_NAME = "$(TARGET_NAME)";
				SWIFT_VERSION = 5.0;
				TARGETED_DEVICE_FAMILY = "1,2";
				TEST_TARGET_NAME = Deadliner;
			};
			name = Debug;
		};
		422D0786243C6ADF0092763D /* Release */ = {
			isa = XCBuildConfiguration;
			buildSettings = {
				ALWAYS_EMBED_SWIFT_STANDARD_LIBRARIES = YES;
				CODE_SIGN_STYLE = Automatic;
				DEVELOPMENT_TEAM = 87WHDY7XDH;
				INFOPLIST_FILE = DeadlinerUITests/Info.plist;
				LD_RUNPATH_SEARCH_PATHS = (
					"$(inherited)",
					"@executable_path/Frameworks",
					"@loader_path/Frameworks",
				);
				PRODUCT_BUNDLE_IDENTIFIER = com.peter.DeadlinerUITests;
				PRODUCT_NAME = "$(TARGET_NAME)";
				SWIFT_VERSION = 5.0;
				TARGETED_DEVICE_FAMILY = "1,2";
				TEST_TARGET_NAME = Deadliner;
			};
			name = Release;
		};
/* End XCBuildConfiguration section */

/* Begin XCConfigurationList section */
		422D074C243C6ADE0092763D /* Build configuration list for PBXProject "Deadliner" */ = {
			isa = XCConfigurationList;
			buildConfigurations = (
				422D077C243C6ADF0092763D /* Debug */,
				422D077D243C6ADF0092763D /* Release */,
			);
			defaultConfigurationIsVisible = 0;
			defaultConfigurationName = Release;
		};
		422D077E243C6ADF0092763D /* Build configuration list for PBXNativeTarget "Deadliner" */ = {
			isa = XCConfigurationList;
			buildConfigurations = (
				422D077F243C6ADF0092763D /* Debug */,
				422D0780243C6ADF0092763D /* Release */,
			);
			defaultConfigurationIsVisible = 0;
			defaultConfigurationName = Release;
		};
		422D0781243C6ADF0092763D /* Build configuration list for PBXNativeTarget "DeadlinerTests" */ = {
			isa = XCConfigurationList;
			buildConfigurations = (
				422D0782243C6ADF0092763D /* Debug */,
				422D0783243C6ADF0092763D /* Release */,
			);
			defaultConfigurationIsVisible = 0;
			defaultConfigurationName = Release;
		};
		422D0784243C6ADF0092763D /* Build configuration list for PBXNativeTarget "DeadlinerUITests" */ = {
			isa = XCConfigurationList;
			buildConfigurations = (
				422D0785243C6ADF0092763D /* Debug */,
				422D0786243C6ADF0092763D /* Release */,
			);
			defaultConfigurationIsVisible = 0;
			defaultConfigurationName = Release;
		};
/* End XCConfigurationList section */

/* Begin XCVersionGroup section */
		422D075D243C6ADE0092763D /* Deadliner.xcdatamodeld */ = {
			isa = XCVersionGroup;
			children = (
				422D075E243C6ADE0092763D /* Deadliner.xcdatamodel */,
			);
			currentVersion = 422D075E243C6ADE0092763D /* Deadliner.xcdatamodel */;
			path = Deadliner.xcdatamodeld;
			sourceTree = "<group>";
			versionGroupType = wrapper.xcdatamodel;
		};
/* End XCVersionGroup section */
	};
	rootObject = 422D0749243C6ADE0092763D /* Project object */;
}
